
Microsoft Visual Studio Solution File, Format Version 12.00
# Visual Studio Version 17
VisualStudioVersion = 17.0.31903.59
MinimumVisualStudioVersion = 10.0.40219.1
Project("{FAE04EC0-301F-11D3-BF4B-00C04F79EFBC}") = "Diyarak.Platform.Domain.Primitives", "src\Foundation\Diyarak.Platform.Domain.Primitives\Diyarak.Platform.Domain.Primitives.csproj", "{352E53A0-0427-5F05-A6BA-9E941913C593}"
EndProject
Project("{FAE04EC0-301F-11D3-BF4B-00C04F79EFBC}") = "Diyarak.Platform.SharedKernel", "src\Foundation\Diyarak.Platform.SharedKernel\Diyarak.Platform.SharedKernel.csproj", "{701E5B52-44B4-5F10-9F1A-583809010125}"
EndProject
Project("{FAE04EC0-301F-11D3-BF4B-00C04F79EFBC}") = "Diyarak.Platform.BuildingBlocks", "src\Foundation\Diyarak.Platform.BuildingBlocks\Diyarak.Platform.BuildingBlocks.csproj", "{827131B0-9E08-505A-B5D7-AC64712A661B}"
EndProject
Project("{FAE04EC0-301F-11D3-BF4B-00C04F79EFBC}") = "Diyarak.Platform.Contracts", "src\Foundation\Diyarak.Platform.Contracts\Diyarak.Platform.Contracts.csproj", "{37A5DE65-9061-5096-BD61-2BFFD91F5082}"
EndProject
Project("{FAE04EC0-301F-11D3-BF4B-00C04F79EFBC}") = "Diyarak.Platform.Domain.Primitives.Tests", "tests\Foundation\Diyarak.Platform.Domain.Primitives.Tests\Diyarak.Platform.Domain.Primitives.Tests.csproj", "{B3565314-2A36-5EE7-8AAD-89045268C1F8}"
EndProject
Project("{FAE04EC0-301F-11D3-BF4B-00C04F79EFBC}") = "Diyarak.Platform.SharedKernel.Tests", "tests\Foundation\Diyarak.Platform.SharedKernel.Tests\Diyarak.Platform.SharedKernel.Tests.csproj", "{7E09823D-C04A-5FAE-90E6-7F05A1F5E252}"
EndProject
Project("{FAE04EC0-301F-11D3-BF4B-00C04F79EFBC}") = "Diyarak.Platform.BuildingBlocks.Tests", "tests\Foundation\Diyarak.Platform.BuildingBlocks.Tests\Diyarak.Platform.BuildingBlocks.Tests.csproj", "{9AACC919-4496-5423-B21D-CDE49C535BEF}"
EndProject
Project("{FAE04EC0-301F-11D3-BF4B-00C04F79EFBC}") = "Diyarak.Platform.Contracts.Tests", "tests\Foundation\Diyarak.Platform.Contracts.Tests\Diyarak.Platform.Contracts.Tests.csproj", "{822D289E-3F2A-5408-A6EF-E498A0ED984D}"
EndProject
Project("{FAE04EC0-301F-11D3-BF4B-00C04F79EFBC}") = "Diyarak.Platform.Architecture.Tests", "tests\Architecture\Diyarak.Platform.Architecture.Tests\Diyarak.Platform.Architecture.Tests.csproj", "{07A076E3-F82B-5ACA-8256-2FF0FFFD8836}"
EndProject
Project("{2150E333-8FDC-42A3-9474-1A3956D46DE8}") = "src", "src", "{827E0CD3-B72D-47B6-A68D-7590B98EB39B}"
EndProject
Project("{2150E333-8FDC-42A3-9474-1A3956D46DE8}") = "Hosts", "Hosts", "{C79C3622-AC92-5B3C-4F71-0BD0E7B3816F}"
EndProject
Project("{FAE04EC0-301F-11D3-BF4B-00C04F79EFBC}") = "Diyarak.Api", "src\Hosts\Diyarak.Api\Diyarak.Api.csproj", "{8E6EBB1B-C571-4337-9D25-95F52AC7335F}"
EndProject
Project("{2150E333-8FDC-42A3-9474-1A3956D46DE8}") = "Integrations", "Integrations", "{95CF60EF-5A8F-866C-1324-B5EA7AAAC44D}"
EndProject
Project("{FAE04EC0-301F-11D3-BF4B-00C04F79EFBC}") = "Diyarak.Platform.Persistence.PostgreSql", "src\Integrations\Diyarak.Platform.Persistence.PostgreSql\Diyarak.Platform.Persistence.PostgreSql.csproj", "{9A2AB183-EF5D-4D0D-9DBE-25F4ED23EF8D}"
EndProject
Project("{2150E333-8FDC-42A3-9474-1A3956D46DE8}") = "Core", "Core", "{8D626EA8-CB54-BC41-363A-217881BEBA6E}"
EndProject
Project("{FAE04EC0-301F-11D3-BF4B-00C04F79EFBC}") = "Diyarak.Platform.Identity", "src\Core\Diyarak.Platform.Identity\Diyarak.Platform.Identity.csproj", "{9E76B556-60B0-40F4-BC0C-B72BDD631EB9}"
EndProject
Project("{2150E333-8FDC-42A3-9474-1A3956D46DE8}") = "tests", "tests", "{0AB3BF05-4346-4AA6-1389-037BE0695223}"
EndProject
Project("{2150E333-8FDC-42A3-9474-1A3956D46DE8}") = "Core", "Core", "{5C35D9BE-388A-8745-CD5F-BB8E361A8720}"
EndProject
Project("{FAE04EC0-301F-11D3-BF4B-00C04F79EFBC}") = "Diyarak.Platform.Identity.Tests", "tests\Core\Diyarak.Platform.Identity.Tests\Diyarak.Platform.Identity.Tests.csproj", "{CDBF0F0C-E9C6-4CDD-A3E9-C861494818D2}"
EndProject
Project("{FAE04EC0-301F-11D3-BF4B-00C04F79EFBC}") = "Diyarak.Platform.Authorization", "src\Core\Diyarak.Platform.Authorization\Diyarak.Platform.Authorization.csproj", "{7B25BA89-608D-417F-ABB9-F400D85F5D3F}"
EndProject
Project("{FAE04EC0-301F-11D3-BF4B-00C04F79EFBC}") = "Diyarak.Platform.ReferenceData", "src\Core\Diyarak.Platform.ReferenceData\Diyarak.Platform.ReferenceData.csproj", "{D486029D-DC51-4F0C-9EA6-B662F08AA822}"
EndProject
Project("{FAE04EC0-301F-11D3-BF4B-00C04F79EFBC}") = "Diyarak.Platform.Audit", "src\Core\Diyarak.Platform.Audit\Diyarak.Platform.Audit.csproj", "{795ED3F7-6209-4B3A-AB9E-DE0E5A33FDCE}"
EndProject
Project("{FAE04EC0-301F-11D3-BF4B-00C04F79EFBC}") = "Diyarak.Platform.Media", "src\Core\Diyarak.Platform.Media\Diyarak.Platform.Media.csproj", "{E2785F22-5274-4994-A0F5-1355D0EE176F}"
EndProject
Project("{FAE04EC0-301F-11D3-BF4B-00C04F79EFBC}") = "Diyarak.Platform.Relationship", "src\Core\Diyarak.Platform.Relationship\Diyarak.Platform.Relationship.csproj", "{4C9D8C78-C41F-470B-8DDC-984DA1EC826C}"
EndProject
Project("{FAE04EC0-301F-11D3-BF4B-00C04F79EFBC}") = "Diyarak.Platform.Listing", "src\Core\Diyarak.Platform.Listing\Diyarak.Platform.Listing.csproj", "{BD5C4E7D-0CD3-4577-BDF9-642978C85FBF}"
EndProject
Project("{FAE04EC0-301F-11D3-BF4B-00C04F79EFBC}") = "Diyarak.Platform.Search", "src\Core\Diyarak.Platform.Search\Diyarak.Platform.Search.csproj", "{DE46E1CD-07AF-44FF-ACD1-9AA6D61E2DCF}"
EndProject
Project("{FAE04EC0-301F-11D3-BF4B-00C04F79EFBC}") = "Diyarak.Platform.Notification", "src\Core\Diyarak.Platform.Notification\Diyarak.Platform.Notification.csproj", "{86D4E7E7-C595-4D7A-8CA8-2E7AB84D766E}"
EndProject
Project("{2150E333-8FDC-42A3-9474-1A3956D46DE8}") = "Modules", "Modules", "{EC447DCF-ABFA-6E24-52A5-D7FD48A5C558}"
EndProject
Project("{FAE04EC0-301F-11D3-BF4B-00C04F79EFBC}") = "Diyarak.Market.Property", "src\Modules\Diyarak.Market.Property\Diyarak.Market.Property.csproj", "{D06B86DF-EEFF-49F3-95E8-4206E5A3AD75}"
EndProject
Project("{FAE04EC0-301F-11D3-BF4B-00C04F79EFBC}") = "Diyarak.Market.Company", "src\Modules\Diyarak.Market.Company\Diyarak.Market.Company.csproj", "{611C7DAD-EBAB-4B05-816A-D6B1D82B8ED3}"
EndProject
Global
	GlobalSection(SolutionConfigurationPlatforms) = preSolution
		Debug|Any CPU = Debug|Any CPU
		Debug|x64 = Debug|x64
		Debug|x86 = Debug|x86
		Release|Any CPU = Release|Any CPU
		Release|x64 = Release|x64
		Release|x86 = Release|x86
	EndGlobalSection
	GlobalSection(ProjectConfigurationPlatforms) = postSolution
		{352E53A0-0427-5F05-A6BA-9E941913C593}.Debug|Any CPU.ActiveCfg = Debug|Any CPU
		{352E53A0-0427-5F05-A6BA-9E941913C593}.Debug|Any CPU.Build.0 = Debug|Any CPU
		{352E53A0-0427-5F05-A6BA-9E941913C593}.Debug|x64.ActiveCfg = Debug|Any CPU
		{352E53A0-0427-5F05-A6BA-9E941913C593}.Debug|x64.Build.0 = Debug|Any CPU
		{352E53A0-0427-5F05-A6BA-9E941913C593}.Debug|x86.ActiveCfg = Debug|Any CPU
		{352E53A0-0427-5F05-A6BA-9E941913C593}.Debug|x86.Build.0 = Debug|Any CPU
		{352E53A0-0427-5F05-A6BA-9E941913C593}.Release|Any CPU.ActiveCfg = Release|Any CPU
		{352E53A0-0427-5F05-A6BA-9E941913C593}.Release|Any CPU.Build.0 = Release|Any CPU
		{352E53A0-0427-5F05-A6BA-9E941913C593}.Release|x64.ActiveCfg = Release|Any CPU
		{352E53A0-0427-5F05-A6BA-9E941913C593}.Release|x64.Build.0 = Release|Any CPU
		{352E53A0-0427-5F05-A6BA-9E941913C593}.Release|x86.ActiveCfg = Release|Any CPU
		{352E53A0-0427-5F05-A6BA-9E941913C593}.Release|x86.Build.0 = Release|Any CPU
		{701E5B52-44B4-5F10-9F1A-583809010125}.Debug|Any CPU.ActiveCfg = Debug|Any CPU
		{701E5B52-44B4-5F10-9F1A-583809010125}.Debug|Any CPU.Build.0 = Debug|Any CPU
		{701E5B52-44B4-5F10-9F1A-583809010125}.Debug|x64.ActiveCfg = Debug|Any CPU
		{701E5B52-44B4-5F10-9F1A-583809010125}.Debug|x64.Build.0 = Debug|Any CPU
		{701E5B52-44B4-5F10-9F1A-583809010125}.Debug|x86.ActiveCfg = Debug|Any CPU
		{701E5B52-44B4-5F10-9F1A-583809010125}.Debug|x86.Build.0 = Debug|Any CPU
		{701E5B52-44B4-5F10-9F1A-583809010125}.Release|Any CPU.ActiveCfg = Release|Any CPU
		{701E5B52-44B4-5F10-9F1A-583809010125}.Release|Any CPU.Build.0 = Release|Any CPU
		{701E5B52-44B4-5F10-9F1A-583809010125}.Release|x64.ActiveCfg = Release|Any CPU
		{701E5B52-44B4-5F10-9F1A-583809010125}.Release|x64.Build.0 = Release|Any CPU
		{701E5B52-44B4-5F10-9F1A-583809010125}.Release|x86.ActiveCfg = Release|Any CPU
		{701E5B52-44B4-5F10-9F1A-583809010125}.Release|x86.Build.0 = Release|Any CPU
		{827131B0-9E08-505A-B5D7-AC64712A661B}.Debug|Any CPU.ActiveCfg = Debug|Any CPU
		{827131B0-9E08-505A-B5D7-AC64712A661B}.Debug|Any CPU.Build.0 = Debug|Any CPU
		{827131B0-9E08-505A-B5D7-AC64712A661B}.Debug|x64.ActiveCfg = Debug|Any CPU
		{827131B0-9E08-505A-B5D7-AC64712A661B}.Debug|x64.Build.0 = Debug|Any CPU
		{827131B0-9E08-505A-B5D7-AC64712A661B}.Debug|x86.ActiveCfg = Debug|Any CPU
		{827131B0-9E08-505A-B5D7-AC64712A661B}.Debug|x86.Build.0 = Debug|Any CPU
		{827131B0-9E08-505A-B5D7-AC64712A661B}.Release|Any CPU.ActiveCfg = Release|Any CPU
		{827131B0-9E08-505A-B5D7-AC64712A661B}.Release|Any CPU.Build.0 = Release|Any CPU
		{827131B0-9E08-505A-B5D7-AC64712A661B}.Release|x64.ActiveCfg = Release|Any CPU
		{827131B0-9E08-505A-B5D7-AC64712A661B}.Release|x64.Build.0 = Release|Any CPU
		{827131B0-9E08-505A-B5D7-AC64712A661B}.Release|x86.ActiveCfg = Release|Any CPU
		{827131B0-9E08-505A-B5D7-AC64712A661B}.Release|x86.Build.0 = Release|Any CPU
		{37A5DE65-9061-5096-BD61-2BFFD91F5082}.Debug|Any CPU.ActiveCfg = Debug|Any CPU
		{37A5DE65-9061-5096-BD61-2BFFD91F5082}.Debug|Any CPU.Build.0 = Debug|Any CPU
		{37A5DE65-9061-5096-BD61-2BFFD91F5082}.Debug|x64.ActiveCfg = Debug|Any CPU
		{37A5DE65-9061-5096-BD61-2BFFD91F5082}.Debug|x64.Build.0 = Debug|Any CPU
		{37A5DE65-9061-5096-BD61-2BFFD91F5082}.Debug|x86.ActiveCfg = Debug|Any CPU
		{37A5DE65-9061-5096-BD61-2BFFD91F5082}.Debug|x86.Build.0 = Debug|Any CPU
		{37A5DE65-9061-5096-BD61-2BFFD91F5082}.Release|Any CPU.ActiveCfg = Release|Any CPU
		{37A5DE65-9061-5096-BD61-2BFFD91F5082}.Release|Any CPU.Build.0 = Release|Any CPU
		{37A5DE65-9061-5096-BD61-2BFFD91F5082}.Release|x64.ActiveCfg = Release|Any CPU
		{37A5DE65-9061-5096-BD61-2BFFD91F5082}.Release|x64.Build.0 = Release|Any CPU
		{37A5DE65-9061-5096-BD61-2BFFD91F5082}.Release|x86.ActiveCfg = Release|Any CPU
		{37A5DE65-9061-5096-BD61-2BFFD91F5082}.Release|x86.Build.0 = Release|Any CPU
		{B3565314-2A36-5EE7-8AAD-89045268C1F8}.Debug|Any CPU.ActiveCfg = Debug|Any CPU
		{B3565314-2A36-5EE7-8AAD-89045268C1F8}.Debug|Any CPU.Build.0 = Debug|Any CPU
		{B3565314-2A36-5EE7-8AAD-89045268C1F8}.Debug|x64.ActiveCfg = Debug|Any CPU
		{B3565314-2A36-5EE7-8AAD-89045268C1F8}.Debug|x64.Build.0 = Debug|Any CPU
		{B3565314-2A36-5EE7-8AAD-89045268C1F8}.Debug|x86.ActiveCfg = Debug|Any CPU
		{B3565314-2A36-5EE7-8AAD-89045268C1F8}.Debug|x86.Build.0 = Debug|Any CPU
		{B3565314-2A36-5EE7-8AAD-89045268C1F8}.Release|Any CPU.ActiveCfg = Release|Any CPU
		{B3565314-2A36-5EE7-8AAD-89045268C1F8}.Release|Any CPU.Build.0 = Release|Any CPU
		{B3565314-2A36-5EE7-8AAD-89045268C1F8}.Release|x64.ActiveCfg = Release|Any CPU
		{B3565314-2A36-5EE7-8AAD-89045268C1F8}.Release|x64.Build.0 = Release|Any CPU
		{B3565314-2A36-5EE7-8AAD-89045268C1F8}.Release|x86.ActiveCfg = Release|Any CPU
		{B3565314-2A36-5EE7-8AAD-89045268C1F8}.Release|x86.Build.0 = Release|Any CPU
		{7E09823D-C04A-5FAE-90E6-7F05A1F5E252}.Debug|Any CPU.ActiveCfg = Debug|Any CPU
		{7E09823D-C04A-5FAE-90E6-7F05A1F5E252}.Debug|Any CPU.Build.0 = Debug|Any CPU
		{7E09823D-C04A-5FAE-90E6-7F05A1F5E252}.Debug|x64.ActiveCfg = Debug|Any CPU
		{7E09823D-C04A-5FAE-90E6-7F05A1F5E252}.Debug|x64.Build.0 = Debug|Any CPU
		{7E09823D-C04A-5FAE-90E6-7F05A1F5E252}.Debug|x86.ActiveCfg = Debug|Any CPU
		{7E09823D-C04A-5FAE-90E6-7F05A1F5E252}.Debug|x86.Build.0 = Debug|Any CPU
		{7E09823D-C04A-5FAE-90E6-7F05A1F5E252}.Release|Any CPU.ActiveCfg = Release|Any CPU
		{7E09823D-C04A-5FAE-90E6-7F05A1F5E252}.Release|Any CPU.Build.0 = Release|Any CPU
		{7E09823D-C04A-5FAE-90E6-7F05A1F5E252}.Release|x64.ActiveCfg = Release|Any CPU
		{7E09823D-C04A-5FAE-90E6-7F05A1F5E252}.Release|x64.Build.0 = Release|Any CPU
		{7E09823D-C04A-5FAE-90E6-7F05A1F5E252}.Release|x86.ActiveCfg = Release|Any CPU
		{7E09823D-C04A-5FAE-90E6-7F05A1F5E252}.Release|x86.Build.0 = Release|Any CPU
		{9AACC919-4496-5423-B21D-CDE49C535BEF}.Debug|Any CPU.ActiveCfg = Debug|Any CPU
		{9AACC919-4496-5423-B21D-CDE49C535BEF}.Debug|Any CPU.Build.0 = Debug|Any CPU
		{9AACC919-4496-5423-B21D-CDE49C535BEF}.Debug|x64.ActiveCfg = Debug|Any CPU
		{9AACC919-4496-5423-B21D-CDE49C535BEF}.Debug|x64.Build.0 = Debug|Any CPU
		{9AACC919-4496-5423-B21D-CDE49C535BEF}.Debug|x86.ActiveCfg = Debug|Any CPU
		{9AACC919-4496-5423-B21D-CDE49C535BEF}.Debug|x86.Build.0 = Debug|Any CPU
		{9AACC919-4496-5423-B21D-CDE49C535BEF}.Release|Any CPU.ActiveCfg = Release|Any CPU
		{9AACC919-4496-5423-B21D-CDE49C535BEF}.Release|Any CPU.Build.0 = Release|Any CPU
		{9AACC919-4496-5423-B21D-CDE49C535BEF}.Release|x64.ActiveCfg = Release|Any CPU
		{9AACC919-4496-5423-B21D-CDE49C535BEF}.Release|x64.Build.0 = Release|Any CPU
		{9AACC919-4496-5423-B21D-CDE49C535BEF}.Release|x86.ActiveCfg = Release|Any CPU
		{9AACC919-4496-5423-B21D-CDE49C535BEF}.Release|x86.Build.0 = Release|Any CPU
		{822D289E-3F2A-5408-A6EF-E498A0ED984D}.Debug|Any CPU.ActiveCfg = Debug|Any CPU
		{822D289E-3F2A-5408-A6EF-E498A0ED984D}.Debug|Any CPU.Build.0 = Debug|Any CPU
		{822D289E-3F2A-5408-A6EF-E498A0ED984D}.Debug|x64.ActiveCfg = Debug|Any CPU
		{822D289E-3F2A-5408-A6EF-E498A0ED984D}.Debug|x64.Build.0 = Debug|Any CPU
		{822D289E-3F2A-5408-A6EF-E498A0ED984D}.Debug|x86.ActiveCfg = Debug|Any CPU
		{822D289E-3F2A-5408-A6EF-E498A0ED984D}.Debug|x86.Build.0 = Debug|Any CPU
		{822D289E-3F2A-5408-A6EF-E498A0ED984D}.Release|Any CPU.ActiveCfg = Release|Any CPU
		{822D289E-3F2A-5408-A6EF-E498A0ED984D}.Release|Any CPU.Build.0 = Release|Any CPU
		{822D289E-3F2A-5408-A6EF-E498A0ED984D}.Release|x64.ActiveCfg = Release|Any CPU
		{822D289E-3F2A-5408-A6EF-E498A0ED984D}.Release|x64.Build.0 = Release|Any CPU
		{822D289E-3F2A-5408-A6EF-E498A0ED984D}.Release|x86.ActiveCfg = Release|Any CPU
		{822D289E-3F2A-5408-A6EF-E498A0ED984D}.Release|x86.Build.0 = Release|Any CPU
		{07A076E3-F82B-5ACA-8256-2FF0FFFD8836}.Debug|Any CPU.ActiveCfg = Debug|Any CPU
		{07A076E3-F82B-5ACA-8256-2FF0FFFD8836}.Debug|Any CPU.Build.0 = Debug|Any CPU
		{07A076E3-F82B-5ACA-8256-2FF0FFFD8836}.Debug|x64.ActiveCfg = Debug|Any CPU
		{07A076E3-F82B-5ACA-8256-2FF0FFFD8836}.Debug|x64.Build.0 = Debug|Any CPU
		{07A076E3-F82B-5ACA-8256-2FF0FFFD8836}.Debug|x86.ActiveCfg = Debug|Any CPU
		{07A076E3-F82B-5ACA-8256-2FF0FFFD8836}.Debug|x86.Build.0 = Debug|Any CPU
		{07A076E3-F82B-5ACA-8256-2FF0FFFD8836}.Release|Any CPU.ActiveCfg = Release|Any CPU
		{07A076E3-F82B-5ACA-8256-2FF0FFFD8836}.Release|Any CPU.Build.0 = Release|Any CPU
		{07A076E3-F82B-5ACA-8256-2FF0FFFD8836}.Release|x64.ActiveCfg = Release|Any CPU
		{07A076E3-F82B-5ACA-8256-2FF0FFFD8836}.Release|x64.Build.0 = Release|Any CPU
		{07A076E3-F82B-5ACA-8256-2FF0FFFD8836}.Release|x86.ActiveCfg = Release|Any CPU
		{07A076E3-F82B-5ACA-8256-2FF0FFFD8836}.Release|x86.Build.0 = Release|Any CPU
		{8E6EBB1B-C571-4337-9D25-95F52AC7335F}.Debug|Any CPU.ActiveCfg = Debug|Any CPU
		{8E6EBB1B-C571-4337-9D25-95F52AC7335F}.Debug|Any CPU.Build.0 = Debug|Any CPU
		{8E6EBB1B-C571-4337-9D25-95F52AC7335F}.Debug|x64.ActiveCfg = Debug|Any CPU
		{8E6EBB1B-C571-4337-9D25-95F52AC7335F}.Debug|x64.Build.0 = Debug|Any CPU
		{8E6EBB1B-C571-4337-9D25-95F52AC7335F}.Debug|x86.ActiveCfg = Debug|Any CPU
		{8E6EBB1B-C571-4337-9D25-95F52AC7335F}.Debug|x86.Build.0 = Debug|Any CPU
		{8E6EBB1B-C571-4337-9D25-95F52AC7335F}.Release|Any CPU.ActiveCfg = Release|Any CPU
		{8E6EBB1B-C571-4337-9D25-95F52AC7335F}.Release|Any CPU.Build.0 = Release|Any CPU
		{8E6EBB1B-C571-4337-9D25-95F52AC7335F}.Release|x64.ActiveCfg = Release|Any CPU
		{8E6EBB1B-C571-4337-9D25-95F52AC7335F}.Release|x64.Build.0 = Release|Any CPU
		{8E6EBB1B-C571-4337-9D25-95F52AC7335F}.Release|x86.ActiveCfg = Release|Any CPU
		{8E6EBB1B-C571-4337-9D25-95F52AC7335F}.Release|x86.Build.0 = Release|Any CPU
		{9A2AB183-EF5D-4D0D-9DBE-25F4ED23EF8D}.Debug|Any CPU.ActiveCfg = Debug|Any CPU
		{9A2AB183-EF5D-4D0D-9DBE-25F4ED23EF8D}.Debug|Any CPU.Build.0 = Debug|Any CPU
		{9A2AB183-EF5D-4D0D-9DBE-25F4ED23EF8D}.Debug|x64.ActiveCfg = Debug|Any CPU
		{9A2AB183-EF5D-4D0D-9DBE-25F4ED23EF8D}.Debug|x64.Build.0 = Debug|Any CPU
		{9A2AB183-EF5D-4D0D-9DBE-25F4ED23EF8D}.Debug|x86.ActiveCfg = Debug|Any CPU
		{9A2AB183-EF5D-4D0D-9DBE-25F4ED23EF8D}.Debug|x86.Build.0 = Debug|Any CPU
		{9A2AB183-EF5D-4D0D-9DBE-25F4ED23EF8D}.Release|Any CPU.ActiveCfg = Release|Any CPU
		{9A2AB183-EF5D-4D0D-9DBE-25F4ED23EF8D}.Release|Any CPU.Build.0 = Release|Any CPU
		{9A2AB183-EF5D-4D0D-9DBE-25F4ED23EF8D}.Release|x64.ActiveCfg = Release|Any CPU
		{9A2AB183-EF5D-4D0D-9DBE-25F4ED23EF8D}.Release|x64.Build.0 = Release|Any CPU
		{9A2AB183-EF5D-4D0D-9DBE-25F4ED23EF8D}.Release|x86.ActiveCfg = Release|Any CPU
		{9A2AB183-EF5D-4D0D-9DBE-25F4ED23EF8D}.Release|x86.Build.0 = Release|Any CPU
		{9E76B556-60B0-40F4-BC0C-B72BDD631EB9}.Debug|Any CPU.ActiveCfg = Debug|Any CPU
		{9E76B556-60B0-40F4-BC0C-B72BDD631EB9}.Debug|Any CPU.Build.0 = Debug|Any CPU
		{9E76B556-60B0-40F4-BC0C-B72BDD631EB9}.Debug|x64.ActiveCfg = Debug|Any CPU
		{9E76B556-60B0-40F4-BC0C-B72BDD631EB9}.Debug|x64.Build.0 = Debug|Any CPU
		{9E76B556-60B0-40F4-BC0C-B72BDD631EB9}.Debug|x86.ActiveCfg = Debug|Any CPU
		{9E76B556-60B0-40F4-BC0C-B72BDD631EB9}.Debug|x86.Build.0 = Debug|Any CPU
		{9E76B556-60B0-40F4-BC0C-B72BDD631EB9}.Release|Any CPU.ActiveCfg = Release|Any CPU
		{9E76B556-60B0-40F4-BC0C-B72BDD631EB9}.Release|Any CPU.Build.0 = Release|Any CPU
		{9E76B556-60B0-40F4-BC0C-B72BDD631EB9}.Release|x64.ActiveCfg = Release|Any CPU
		{9E76B556-60B0-40F4-BC0C-B72BDD631EB9}.Release|x64.Build.0 = Release|Any CPU
		{9E76B556-60B0-40F4-BC0C-B72BDD631EB9}.Release|x86.ActiveCfg = Release|Any CPU
		{9E76B556-60B0-40F4-BC0C-B72BDD631EB9}.Release|x86.Build.0 = Release|Any CPU
		{CDBF0F0C-E9C6-4CDD-A3E9-C861494818D2}.Debug|Any CPU.ActiveCfg = Debug|Any CPU
		{CDBF0F0C-E9C6-4CDD-A3E9-C861494818D2}.Debug|Any CPU.Build.0 = Debug|Any CPU
		{CDBF0F0C-E9C6-4CDD-A3E9-C861494818D2}.Debug|x64.ActiveCfg = Debug|Any CPU
		{CDBF0F0C-E9C6-4CDD-A3E9-C861494818D2}.Debug|x64.Build.0 = Debug|Any CPU
		{CDBF0F0C-E9C6-4CDD-A3E9-C861494818D2}.Debug|x86.ActiveCfg = Debug|Any CPU
		{CDBF0F0C-E9C6-4CDD-A3E9-C861494818D2}.Debug|x86.Build.0 = Debug|Any CPU
		{CDBF0F0C-E9C6-4CDD-A3E9-C861494818D2}.Release|Any CPU.ActiveCfg = Release|Any CPU
		{CDBF0F0C-E9C6-4CDD-A3E9-C861494818D2}.Release|Any CPU.Build.0 = Release|Any CPU
		{CDBF0F0C-E9C6-4CDD-A3E9-C861494818D2}.Release|x64.ActiveCfg = Release|Any CPU
		{CDBF0F0C-E9C6-4CDD-A3E9-C861494818D2}.Release|x64.Build.0 = Release|Any CPU
		{CDBF0F0C-E9C6-4CDD-A3E9-C861494818D2}.Release|x86.ActiveCfg = Release|Any CPU
		{CDBF0F0C-E9C6-4CDD-A3E9-C861494818D2}.Release|x86.Build.0 = Release|Any CPU
		{7B25BA89-608D-417F-ABB9-F400D85F5D3F}.Debug|Any CPU.ActiveCfg = Debug|Any CPU
		{7B25BA89-608D-417F-ABB9-F400D85F5D3F}.Debug|Any CPU.Build.0 = Debug|Any CPU
		{7B25BA89-608D-417F-ABB9-F400D85F5D3F}.Debug|x64.ActiveCfg = Debug|Any CPU
		{7B25BA89-608D-417F-ABB9-F400D85F5D3F}.Debug|x64.Build.0 = Debug|Any CPU
		{7B25BA89-608D-417F-ABB9-F400D85F5D3F}.Debug|x86.ActiveCfg = Debug|Any CPU
		{7B25BA89-608D-417F-ABB9-F400D85F5D3F}.Debug|x86.Build.0 = Debug|Any CPU
		{7B25BA89-608D-417F-ABB9-F400D85F5D3F}.Release|Any CPU.ActiveCfg = Release|Any CPU
		{7B25BA89-608D-417F-ABB9-F400D85F5D3F}.Release|Any CPU.Build.0 = Release|Any CPU
		{7B25BA89-608D-417F-ABB9-F400D85F5D3F}.Release|x64.ActiveCfg = Release|Any CPU
		{7B25BA89-608D-417F-ABB9-F400D85F5D3F}.Release|x64.Build.0 = Release|Any CPU
		{7B25BA89-608D-417F-ABB9-F400D85F5D3F}.Release|x86.ActiveCfg = Release|Any CPU
		{7B25BA89-608D-417F-ABB9-F400D85F5D3F}.Release|x86.Build.0 = Release|Any CPU
		{D486029D-DC51-4F0C-9EA6-B662F08AA822}.Debug|Any CPU.ActiveCfg = Debug|Any CPU
		{D486029D-DC51-4F0C-9EA6-B662F08AA822}.Debug|Any CPU.Build.0 = Debug|Any CPU
		{D486029D-DC51-4F0C-9EA6-B662F08AA822}.Debug|x64.ActiveCfg = Debug|Any CPU
		{D486029D-DC51-4F0C-9EA6-B662F08AA822}.Debug|x64.Build.0 = Debug|Any CPU
		{D486029D-DC51-4F0C-9EA6-B662F08AA822}.Debug|x86.ActiveCfg = Debug|Any CPU
		{D486029D-DC51-4F0C-9EA6-B662F08AA822}.Debug|x86.Build.0 = Debug|Any CPU
		{D486029D-DC51-4F0C-9EA6-B662F08AA822}.Release|Any CPU.ActiveCfg = Release|Any CPU
		{D486029D-DC51-4F0C-9EA6-B662F08AA822}.Release|Any CPU.Build.0 = Release|Any CPU
		{D486029D-DC51-4F0C-9EA6-B662F08AA822}.Release|x64.ActiveCfg = Release|Any CPU
		{D486029D-DC51-4F0C-9EA6-B662F08AA822}.Release|x64.Build.0 = Release|Any CPU
		{D486029D-DC51-4F0C-9EA6-B662F08AA822}.Release|x86.ActiveCfg = Release|Any CPU
		{D486029D-DC51-4F0C-9EA6-B662F08AA822}.Release|x86.Build.0 = Release|Any CPU
		{795ED3F7-6209-4B3A-AB9E-DE0E5A33FDCE}.Debug|Any CPU.ActiveCfg = Debug|Any CPU
		{795ED3F7-6209-4B3A-AB9E-DE0E5A33FDCE}.Debug|Any CPU.Build.0 = Debug|Any CPU
		{795ED3F7-6209-4B3A-AB9E-DE0E5A33FDCE}.Debug|x64.ActiveCfg = Debug|Any CPU
		{795ED3F7-6209-4B3A-AB9E-DE0E5A33FDCE}.Debug|x64.Build.0 = Debug|Any CPU
		{795ED3F7-6209-4B3A-AB9E-DE0E5A33FDCE}.Debug|x86.ActiveCfg = Debug|Any CPU
		{795ED3F7-6209-4B3A-AB9E-DE0E5A33FDCE}.Debug|x86.Build.0 = Debug|Any CPU
		{795ED3F7-6209-4B3A-AB9E-DE0E5A33FDCE}.Release|Any CPU.ActiveCfg = Release|Any CPU
		{795ED3F7-6209-4B3A-AB9E-DE0E5A33FDCE}.Release|Any CPU.Build.0 = Release|Any CPU
		{795ED3F7-6209-4B3A-AB9E-DE0E5A33FDCE}.Release|x64.ActiveCfg = Release|Any CPU
		{795ED3F7-6209-4B3A-AB9E-DE0E5A33FDCE}.Release|x64.Build.0 = Release|Any CPU
		{795ED3F7-6209-4B3A-AB9E-DE0E5A33FDCE}.Release|x86.ActiveCfg = Release|Any CPU
		{795ED3F7-6209-4B3A-AB9E-DE0E5A33FDCE}.Release|x86.Build.0 = Release|Any CPU
		{E2785F22-5274-4994-A0F5-1355D0EE176F}.Debug|Any CPU.ActiveCfg = Debug|Any CPU
		{E2785F22-5274-4994-A0F5-1355D0EE176F}.Debug|Any CPU.Build.0 = Debug|Any CPU
		{E2785F22-5274-4994-A0F5-1355D0EE176F}.Debug|x64.ActiveCfg = Debug|Any CPU
		{E2785F22-5274-4994-A0F5-1355D0EE176F}.Debug|x64.Build.0 = Debug|Any CPU
		{E2785F22-5274-4994-A0F5-1355D0EE176F}.Debug|x86.ActiveCfg = Debug|Any CPU
		{E2785F22-5274-4994-A0F5-1355D0EE176F}.Debug|x86.Build.0 = Debug|Any CPU
		{E2785F22-5274-4994-A0F5-1355D0EE176F}.Release|Any CPU.ActiveCfg = Release|Any CPU
		{E2785F22-5274-4994-A0F5-1355D0EE176F}.Release|Any CPU.Build.0 = Release|Any CPU
		{E2785F22-5274-4994-A0F5-1355D0EE176F}.Release|x64.ActiveCfg = Release|Any CPU
		{E2785F22-5274-4994-A0F5-1355D0EE176F}.Release|x64.Build.0 = Release|Any CPU
		{E2785F22-5274-4994-A0F5-1355D0EE176F}.Release|x86.ActiveCfg = Release|Any CPU
		{E2785F22-5274-4994-A0F5-1355D0EE176F}.Release|x86.Build.0 = Release|Any CPU
		{4C9D8C78-C41F-470B-8DDC-984DA1EC826C}.Debug|Any CPU.ActiveCfg = Debug|Any CPU
		{4C9D8C78-C41F-470B-8DDC-984DA1EC826C}.Debug|Any CPU.Build.0 = Debug|Any CPU
		{4C9D8C78-C41F-470B-8DDC-984DA1EC826C}.Debug|x64.ActiveCfg = Debug|Any CPU
		{4C9D8C78-C41F-470B-8DDC-984DA1EC826C}.Debug|x64.Build.0 = Debug|Any CPU
		{4C9D8C78-C41F-470B-8DDC-984DA1EC826C}.Debug|x86.ActiveCfg = Debug|Any CPU
		{4C9D8C78-C41F-470B-8DDC-984DA1EC826C}.Debug|x86.Build.0 = Debug|Any CPU
		{4C9D8C78-C41F-470B-8DDC-984DA1EC826C}.Release|Any CPU.ActiveCfg = Release|Any CPU
		{4C9D8C78-C41F-470B-8DDC-984DA1EC826C}.Release|Any CPU.Build.0 = Release|Any CPU
		{4C9D8C78-C41F-470B-8DDC-984DA1EC826C}.Release|x64.ActiveCfg = Release|Any CPU
		{4C9D8C78-C41F-470B-8DDC-984DA1EC826C}.Release|x64.Build.0 = Release|Any CPU
		{4C9D8C78-C41F-470B-8DDC-984DA1EC826C}.Release|x86.ActiveCfg = Release|Any CPU
		{4C9D8C78-C41F-470B-8DDC-984DA1EC826C}.Release|x86.Build.0 = Release|Any CPU
		{BD5C4E7D-0CD3-4577-BDF9-642978C85FBF}.Debug|Any CPU.ActiveCfg = Debug|Any CPU
		{BD5C4E7D-0CD3-4577-BDF9-642978C85FBF}.Debug|Any CPU.Build.0 = Debug|Any CPU
		{BD5C4E7D-0CD3-4577-BDF9-642978C85FBF}.Debug|x64.ActiveCfg = Debug|Any CPU
		{BD5C4E7D-0CD3-4577-BDF9-642978C85FBF}.Debug|x64.Build.0 = Debug|Any CPU
		{BD5C4E7D-0CD3-4577-BDF9-642978C85FBF}.Debug|x86.ActiveCfg = Debug|Any CPU
		{BD5C4E7D-0CD3-4577-BDF9-642978C85FBF}.Debug|x86.Build.0 = Debug|Any CPU
		{BD5C4E7D-0CD3-4577-BDF9-642978C85FBF}.Release|Any CPU.ActiveCfg = Release|Any CPU
		{BD5C4E7D-0CD3-4577-BDF9-642978C85FBF}.Release|Any CPU.Build.0 = Release|Any CPU
		{BD5C4E7D-0CD3-4577-BDF9-642978C85FBF}.Release|x64.ActiveCfg = Release|Any CPU
		{BD5C4E7D-0CD3-4577-BDF9-642978C85FBF}.Release|x64.Build.0 = Release|Any CPU
		{BD5C4E7D-0CD3-4577-BDF9-642978C85FBF}.Release|x86.ActiveCfg = Release|Any CPU
		{BD5C4E7D-0CD3-4577-BDF9-642978C85FBF}.Release|x86.Build.0 = Release|Any CPU
		{DE46E1CD-07AF-44FF-ACD1-9AA6D61E2DCF}.Debug|Any CPU.ActiveCfg = Debug|Any CPU
		{DE46E1CD-07AF-44FF-ACD1-9AA6D61E2DCF}.Debug|Any CPU.Build.0 = Debug|Any CPU
		{DE46E1CD-07AF-44FF-ACD1-9AA6D61E2DCF}.Debug|x64.ActiveCfg = Debug|Any CPU
		{DE46E1CD-07AF-44FF-ACD1-9AA6D61E2DCF}.Debug|x64.Build.0 = Debug|Any CPU
		{DE46E1CD-07AF-44FF-ACD1-9AA6D61E2DCF}.Debug|x86.ActiveCfg = Debug|Any CPU
		{DE46E1CD-07AF-44FF-ACD1-9AA6D61E2DCF}.Debug|x86.Build.0 = Debug|Any CPU
		{DE46E1CD-07AF-44FF-ACD1-9AA6D61E2DCF}.Release|Any CPU.ActiveCfg = Release|Any CPU
		{DE46E1CD-07AF-44FF-ACD1-9AA6D61E2DCF}.Release|Any CPU.Build.0 = Release|Any CPU
		{DE46E1CD-07AF-44FF-ACD1-9AA6D61E2DCF}.Release|x64.ActiveCfg = Release|Any CPU
		{DE46E1CD-07AF-44FF-ACD1-9AA6D61E2DCF}.Release|x64.Build.0 = Release|Any CPU
		{DE46E1CD-07AF-44FF-ACD1-9AA6D61E2DCF}.Release|x86.ActiveCfg = Release|Any CPU
		{DE46E1CD-07AF-44FF-ACD1-9AA6D61E2DCF}.Release|x86.Build.0 = Release|Any CPU
		{86D4E7E7-C595-4D7A-8CA8-2E7AB84D766E}.Debug|Any CPU.ActiveCfg = Debug|Any CPU
		{86D4E7E7-C595-4D7A-8CA8-2E7AB84D766E}.Debug|Any CPU.Build.0 = Debug|Any CPU
		{86D4E7E7-C595-4D7A-8CA8-2E7AB84D766E}.Debug|x64.ActiveCfg = Debug|Any CPU
		{86D4E7E7-C595-4D7A-8CA8-2E7AB84D766E}.Debug|x64.Build.0 = Debug|Any CPU
		{86D4E7E7-C595-4D7A-8CA8-2E7AB84D766E}.Debug|x86.ActiveCfg = Debug|Any CPU
		{86D4E7E7-C595-4D7A-8CA8-2E7AB84D766E}.Debug|x86.Build.0 = Debug|Any CPU
		{86D4E7E7-C595-4D7A-8CA8-2E7AB84D766E}.Release|Any CPU.ActiveCfg = Release|Any CPU
		{86D4E7E7-C595-4D7A-8CA8-2E7AB84D766E}.Release|Any CPU.Build.0 = Release|Any CPU
		{86D4E7E7-C595-4D7A-8CA8-2E7AB84D766E}.Release|x64.ActiveCfg = Release|Any CPU
		{86D4E7E7-C595-4D7A-8CA8-2E7AB84D766E}.Release|x64.Build.0 = Release|Any CPU
		{86D4E7E7-C595-4D7A-8CA8-2E7AB84D766E}.Release|x86.ActiveCfg = Release|Any CPU
		{86D4E7E7-C595-4D7A-8CA8-2E7AB84D766E}.Release|x86.Build.0 = Release|Any CPU
		{D06B86DF-EEFF-49F3-95E8-4206E5A3AD75}.Debug|Any CPU.ActiveCfg = Debug|Any CPU
		{D06B86DF-EEFF-49F3-95E8-4206E5A3AD75}.Debug|Any CPU.Build.0 = Debug|Any CPU
		{D06B86DF-EEFF-49F3-95E8-4206E5A3AD75}.Debug|x64.ActiveCfg = Debug|Any CPU
		{D06B86DF-EEFF-49F3-95E8-4206E5A3AD75}.Debug|x64.Build.0 = Debug|Any CPU
		{D06B86DF-EEFF-49F3-95E8-4206E5A3AD75}.Debug|x86.ActiveCfg = Debug|Any CPU
		{D06B86DF-EEFF-49F3-95E8-4206E5A3AD75}.Debug|x86.Build.0 = Debug|Any CPU
		{D06B86DF-EEFF-49F3-95E8-4206E5A3AD75}.Release|Any CPU.ActiveCfg = Release|Any CPU
		{D06B86DF-EEFF-49F3-95E8-4206E5A3AD75}.Release|Any CPU.Build.0 = Release|Any CPU
		{D06B86DF-EEFF-49F3-95E8-4206E5A3AD75}.Release|x64.ActiveCfg = Release|Any CPU
		{D06B86DF-EEFF-49F3-95E8-4206E5A3AD75}.Release|x64.Build.0 = Release|Any CPU
		{D06B86DF-EEFF-49F3-95E8-4206E5A3AD75}.Release|x86.ActiveCfg = Release|Any CPU
		{D06B86DF-EEFF-49F3-95E8-4206E5A3AD75}.Release|x86.Build.0 = Release|Any CPU
		{611C7DAD-EBAB-4B05-816A-D6B1D82B8ED3}.Debug|Any CPU.ActiveCfg = Debug|Any CPU
		{611C7DAD-EBAB-4B05-816A-D6B1D82B8ED3}.Debug|Any CPU.Build.0 = Debug|Any CPU
		{611C7DAD-EBAB-4B05-816A-D6B1D82B8ED3}.Debug|x64.ActiveCfg = Debug|Any CPU
		{611C7DAD-EBAB-4B05-816A-D6B1D82B8ED3}.Debug|x64.Build.0 = Debug|Any CPU
		{611C7DAD-EBAB-4B05-816A-D6B1D82B8ED3}.Debug|x86.ActiveCfg = Debug|Any CPU
		{611C7DAD-EBAB-4B05-816A-D6B1D82B8ED3}.Debug|x86.Build.0 = Debug|Any CPU
		{611C7DAD-EBAB-4B05-816A-D6B1D82B8ED3}.Release|Any CPU.ActiveCfg = Release|Any CPU
		{611C7DAD-EBAB-4B05-816A-D6B1D82B8ED3}.Release|Any CPU.Build.0 = Release|Any CPU
		{611C7DAD-EBAB-4B05-816A-D6B1D82B8ED3}.Release|x64.ActiveCfg = Release|Any CPU
		{611C7DAD-EBAB-4B05-816A-D6B1D82B8ED3}.Release|x64.Build.0 = Release|Any CPU
		{611C7DAD-EBAB-4B05-816A-D6B1D82B8ED3}.Release|x86.ActiveCfg = Release|Any CPU
		{611C7DAD-EBAB-4B05-816A-D6B1D82B8ED3}.Release|x86.Build.0 = Release|Any CPU
	EndGlobalSection
	GlobalSection(SolutionProperties) = preSolution
		HideSolutionNode = FALSE
	EndGlobalSection
	GlobalSection(NestedProjects) = preSolution
		{C79C3622-AC92-5B3C-4F71-0BD0E7B3816F} = {827E0CD3-B72D-47B6-A68D-7590B98EB39B}
		{8E6EBB1B-C571-4337-9D25-95F52AC7335F} = {C79C3622-AC92-5B3C-4F71-0BD0E7B3816F}
		{95CF60EF-5A8F-866C-1324-B5EA7AAAC44D} = {827E0CD3-B72D-47B6-A68D-7590B98EB39B}
		{9A2AB183-EF5D-4D0D-9DBE-25F4ED23EF8D} = {95CF60EF-5A8F-866C-1324-B5EA7AAAC44D}
		{8D626EA8-CB54-BC41-363A-217881BEBA6E} = {827E0CD3-B72D-47B6-A68D-7590B98EB39B}
		{9E76B556-60B0-40F4-BC0C-B72BDD631EB9} = {8D626EA8-CB54-BC41-363A-217881BEBA6E}
		{5C35D9BE-388A-8745-CD5F-BB8E361A8720} = {0AB3BF05-4346-4AA6-1389-037BE0695223}
		{CDBF0F0C-E9C6-4CDD-A3E9-C861494818D2} = {5C35D9BE-388A-8745-CD5F-BB8E361A8720}
		{7B25BA89-608D-417F-ABB9-F400D85F5D3F} = {8D626EA8-CB54-BC41-363A-217881BEBA6E}
		{D486029D-DC51-4F0C-9EA6-B662F08AA822} = {8D626EA8-CB54-BC41-363A-217881BEBA6E}
		{795ED3F7-6209-4B3A-AB9E-DE0E5A33FDCE} = {8D626EA8-CB54-BC41-363A-217881BEBA6E}
		{E2785F22-5274-4994-A0F5-1355D0EE176F} = {8D626EA8-CB54-BC41-363A-217881BEBA6E}
		{4C9D8C78-C41F-470B-8DDC-984DA1EC826C} = {8D626EA8-CB54-BC41-363A-217881BEBA6E}
		{BD5C4E7D-0CD3-4577-BDF9-642978C85FBF} = {8D626EA8-CB54-BC41-363A-217881BEBA6E}
		{DE46E1CD-07AF-44FF-ACD1-9AA6D61E2DCF} = {8D626EA8-CB54-BC41-363A-217881BEBA6E}
		{86D4E7E7-C595-4D7A-8CA8-2E7AB84D766E} = {8D626EA8-CB54-BC41-363A-217881BEBA6E}
		{EC447DCF-ABFA-6E24-52A5-D7FD48A5C558} = {827E0CD3-B72D-47B6-A68D-7590B98EB39B}
		{D06B86DF-EEFF-49F3-95E8-4206E5A3AD75} = {EC447DCF-ABFA-6E24-52A5-D7FD48A5C558}
		{611C7DAD-EBAB-4B05-816A-D6B1D82B8ED3} = {EC447DCF-ABFA-6E24-52A5-D7FD48A5C558}
	EndGlobalSection
EndGlobal
